
Microsoft Visual Studio Solution File, Format Version 12.00
# Visual Studio 15
VisualStudioVersion = 15.0.28307.645
MinimumVisualStudioVersion = 10.0.40219.1
Project("{888888A0-9F3D-457C-B088-3A5042F75D52}") = "mzitu2.0", "mzitu2.0\mzitu2.0.pyproj", "{78603463-BB25-4F4C-81C2-A4B63927D3C9}"
EndProject
Global
	GlobalSection(SolutionConfigurationPlatforms) = preSolution
		Debug|Any CPU = Debug|Any CPU
		Release|Any CPU = Release|Any CPU
	EndGlobalSection
	GlobalSection(ProjectConfigurationPlatforms) = postSolution
		{78603463-BB25-4F4C-81C2-A4B63927D3C9}.Debug|Any CPU.ActiveCfg = Debug|Any CPU
		{78603463-BB25-4F4C-81C2-A4B63927D3C9}.Release|Any CPU.ActiveCfg = Release|Any CPU
	EndGlobalSection
	GlobalSection(SolutionProperties) = preSolution
		HideSolutionNode = FALSE
	EndGlobalSection
	GlobalSection(ExtensibilityGlobals) = postSolution
		SolutionGuid = {EE710639-C79D-463A-BF49-CFAE946AD5C3}
	EndGlobalSection
EndGlobal
